{
  "name": "storage-layer",
  "version": "1.0.0",
  "lockfileVersion": 2,
  "requires": true,
  "packages": {
    "": {
      "name": "storage-layer",
      "version": "1.0.0",
      "license": "ISC",
      "dependencies": {
        "node-sql-parser": "^4.6.5",
        "sql-parser-cst": "^0.12.0"
      }
    },
    "node_modules/big-integer": {
      "version": "1.6.51",
      "resolved": "https://registry.npmjs.org/big-integer/-/big-integer-1.6.51.tgz",
      "integrity": "sha512-GPEid2Y9QU1Exl1rpO9B2IPJGHPSupF5GnVIP0blYvNOMer2bTvSWs1jGOUg04hTmu67nmLsQ9TBo1puaotBHg==",
      "engines": {
        "node": ">=0.6"
      }
    },
    "node_modules/node-sql-parser": {
      "version": "4.6.5",
      "resolved": "https://registry.npmjs.org/node-sql-parser/-/node-sql-parser-4.6.5.tgz",
      "integrity": "sha512-gX+zTvmUjJZolQEQ6Am3OU3PgBIOptpaAscW93eNM2rkKySB9fdEC6+2Sn7oUmnnZL/oWLzEVZQG4uTN6zRUXg==",
      "dependencies": {
        "big-integer": "^1.6.48"
      },
      "engines": {
        "node": ">=8"
      }
    },
    "node_modules/sql-parser-cst": {
      "version": "0.12.0",
      "resolved": "https://registry.npmjs.org/sql-parser-cst/-/sql-parser-cst-0.12.0.tgz",
      "integrity": "sha512-QA4JGwVu4ngisMmo9ArNi+Zb6dP0h4dEbT96Cju2QCn9pT9AQy3OBg6BSGhumhEu2VrDtKkqTNou1H/JrCLM3Q=="
    }
  },
  "dependencies": {
    "big-integer": {
      "version": "1.6.51",
      "resolved": "https://registry.npmjs.org/big-integer/-/big-integer-1.6.51.tgz",
      "integrity": "sha512-GPEid2Y9QU1Exl1rpO9B2IPJGHPSupF5GnVIP0blYvNOMer2bTvSWs1jGOUg04hTmu67nmLsQ9TBo1puaotBHg=="
    },
    "node-sql-parser": {
      "version": "4.6.5",
      "resolved": "https://registry.npmjs.org/node-sql-parser/-/node-sql-parser-4.6.5.tgz",
      "integrity": "sha512-gX+zTvmUjJZolQEQ6Am3OU3PgBIOptpaAscW93eNM2rkKySB9fdEC6+2Sn7oUmnnZL/oWLzEVZQG4uTN6zRUXg==",
      "requires": {
        "big-integer": "^1.6.48"
      }
    },
    "sql-parser-cst": {
      "version": "0.12.0",
      "resolved": "https://registry.npmjs.org/sql-parser-cst/-/sql-parser-cst-0.12.0.tgz",
      "integrity": "sha512-QA4JGwVu4ngisMmo9ArNi+Zb6dP0h4dEbT96Cju2QCn9pT9AQy3OBg6BSGhumhEu2VrDtKkqTNou1H/JrCLM3Q=="
    }
  }
}
